
Microsoft Visual Studio Solution File, Format Version 12.00
# Visual Studio Version 16
VisualStudioVersion = 16.0.31205.134
MinimumVisualStudioVersion = 10.0.40219.1
Project("{FAE04EC0-301F-11D3-BF4B-00C04F79EFBC}") = "SiteTeste", "SiteTeste.csproj", "{804BED0F-4A1A-46C0-9F7F-6D8C202DC611}"
EndProject
Global
	GlobalSection(SolutionConfigurationPlatforms) = preSolution
		Debug|Any CPU = Debug|Any CPU
		Release|Any CPU = Release|Any CPU
	EndGlobalSection
	GlobalSection(ProjectConfigurationPlatforms) = postSolution
		{804BED0F-4A1A-46C0-9F7F-6D8C202DC611}.Debug|Any CPU.ActiveCfg = Debug|Any CPU
		{804BED0F-4A1A-46C0-9F7F-6D8C202DC611}.Debug|Any CPU.Build.0 = Debug|Any CPU
		{804BED0F-4A1A-46C0-9F7F-6D8C202DC611}.Release|Any CPU.ActiveCfg = Release|Any CPU
		{804BED0F-4A1A-46C0-9F7F-6D8C202DC611}.Release|Any CPU.Build.0 = Release|Any CPU
	EndGlobalSection
	GlobalSection(SolutionProperties) = preSolution
		HideSolutionNode = FALSE
	EndGlobalSection
	GlobalSection(ExtensibilityGlobals) = postSolution
		SolutionGuid = {CE36189C-BECA-4597-B8B2-63154F487C77}
	EndGlobalSection
EndGlobal
